<?xml version="1.0" encoding="utf-8"?>
<Project ToolsVersion="4.0" xmlns="http://schemas.microsoft.com/developer/msbuild/2003">
  <ItemGroup>
    <Filter Include="Source Files">
      <UniqueIdentifier>{4FC737F1-C7A5-4376-A066-2A32D752A2FF}</UniqueIdentifier>
      <Extensions>cpp;c;cc;cxx;def;odl;idl;hpj;bat;asm;asmx</Extensions>
    </Filter>
    <Filter Include="Header Files">
      <UniqueIdentifier>{93995380-89BD-4b04-88EB-625FBE52EBFB}</UniqueIdentifier>
      <Extensions>h;hh;hpp;hxx;hm;inl;inc;xsd</Extensions>
    </Filter>
    <Filter Include="SupportClasses">
      <UniqueIdentifier>{044d7d94-d08d-48d7-a17a-4a2b210216da}</UniqueIdentifier>
    </Filter>
    <Filter Include="Xml Supporting Files">
      <UniqueIdentifier>{d6603494-2e04-499f-a9cc-9ff9190c333b}</UniqueIdentifier>
    </Filter>
    <Filter Include="Xml Supporting Files\WorldSectorEntity">
      <UniqueIdentifier>{cd61248c-cc90-48b8-9109-f80808ace1ec}</UniqueIdentifier>
    </Filter>
    <Filter Include="Xml Supporting Files\XmlParseHelperTable">
      <UniqueIdentifier>{063e3a04-2939-4683-96af-247a4ba9c318}</UniqueIdentifier>
    </Filter>
    <Filter Include="Xml Supporting Files\XmlParseMaster">
      <UniqueIdentifier>{ba096c88-4cd8-44d4-a888-f53809cd7020}</UniqueIdentifier>
    </Filter>
    <Filter Include="SupportClasses\ActionTestClasses">
      <UniqueIdentifier>{d9525250-190d-41c7-a9e2-0fdf6701d36b}</UniqueIdentifier>
    </Filter>
    <Filter Include="Xml Supporting Files\Action">
      <UniqueIdentifier>{52a1cb8e-beb9-4eae-863d-177846bea22e}</UniqueIdentifier>
    </Filter>
    <Filter Include="Xml Supporting Files\IfAction">
      <UniqueIdentifier>{86ada34c-79a3-4d82-8e58-0a0595392c2b}</UniqueIdentifier>
    </Filter>
    <Filter Include="Xml Supporting Files\Reaction">
      <UniqueIdentifier>{c5e96076-9f8c-478b-a47f-614699f564b3}</UniqueIdentifier>
    </Filter>
    <Filter Include="SupportClasses\AsyncEventTestClasses">
      <UniqueIdentifier>{c515d075-5b6c-4f43-85a1-35fcdccb48c1}</UniqueIdentifier>
    </Filter>
  </ItemGroup>
  <ItemGroup>
    <ClCompile Include="SListTest.cpp">
      <Filter>Source Files</Filter>
    </ClCompile>
    <ClCompile Include="Foo.cpp">
      <Filter>SupportClasses</Filter>
    </ClCompile>
    <ClCompile Include="Pch.cpp">
      <Filter>Source Files</Filter>
    </ClCompile>
    <ClCompile Include="VectorTest.cpp">
      <Filter>Source Files</Filter>
    </ClCompile>
    <ClCompile Include="HashmapTest.cpp">
      <Filter>Source Files</Filter>
    </ClCompile>
    <ClCompile Include="DatumTest.cpp">
      <Filter>Source Files</Filter>
    </ClCompile>
    <ClCompile Include="ScopeTest.cpp">
      <Filter>Source Files</Filter>
    </ClCompile>
    <ClCompile Include="AttributedFoo.cpp">
      <Filter>SupportClasses</Filter>
    </ClCompile>
    <ClCompile Include="AttributedTest.cpp">
      <Filter>Source Files</Filter>
    </ClCompile>
    <ClCompile Include="AttributedFooChild.cpp">
      <Filter>SupportClasses</Filter>
    </ClCompile>
    <ClCompile Include="XmlParseMasterTest.cpp">
      <Filter>Source Files</Filter>
    </ClCompile>
    <ClCompile Include="XmlParseHelperStudent.cpp">
      <Filter>SupportClasses</Filter>
    </ClCompile>
    <ClCompile Include="SharedDataFoo.cpp">
      <Filter>SupportClasses</Filter>
    </ClCompile>
    <ClCompile Include="XmlParseHelperTracer.cpp">
      <Filter>SupportClasses</Filter>
    </ClCompile>
    <ClCompile Include="XmlParseHelperTableTest.cpp">
      <Filter>Source Files</Filter>
    </ClCompile>
    <ClCompile Include="FactoryTest.cpp">
      <Filter>Source Files</Filter>
    </ClCompile>
    <ClCompile Include="FooProduct.cpp">
      <Filter>SupportClasses</Filter>
    </ClCompile>
    <ClCompile Include="BarProduct.cpp">
      <Filter>SupportClasses</Filter>
    </ClCompile>
    <ClCompile Include="BarChildProduct.cpp">
      <Filter>SupportClasses</Filter>
    </ClCompile>
    <ClCompile Include="WorldSectorEntityTest.cpp">
      <Filter>Source Files</Filter>
    </ClCompile>
    <ClCompile Include="MonsterEntity.cpp">
      <Filter>SupportClasses</Filter>
    </ClCompile>
    <ClCompile Include="XmlParseHelperWSETest.cpp">
      <Filter>Source Files</Filter>
    </ClCompile>
    <ClCompile Include="ActionTest.cpp">
      <Filter>Source Files</Filter>
    </ClCompile>
    <ClCompile Include="AttackAction.cpp">
      <Filter>SupportClasses\ActionTestClasses</Filter>
    </ClCompile>
    <ClCompile Include="HealAction.cpp">
      <Filter>SupportClasses\ActionTestClasses</Filter>
    </ClCompile>
    <ClCompile Include="EventTest.cpp">
      <Filter>Source Files</Filter>
    </ClCompile>
    <ClCompile Include="SubscriberFoo.cpp">
      <Filter>SupportClasses</Filter>
    </ClCompile>
    <ClCompile Include="SubscriberBar.cpp">
      <Filter>SupportClasses</Filter>
    </ClCompile>
    <ClCompile Include="Bar.cpp">
      <Filter>SupportClasses</Filter>
    </ClCompile>
    <ClCompile Include="ReactionTest.cpp">
      <Filter>Source Files</Filter>
    </ClCompile>
    <ClCompile Include="AsyncEventSubscriber.cpp">
      <Filter>SupportClasses\AsyncEventTestClasses</Filter>
    </ClCompile>
    <ClCompile Include="AsyncEventTest.cpp">
      <Filter>Source Files</Filter>
    </ClCompile>
  </ItemGroup>
  <ItemGroup>
    <ClInclude Include="Pch.h">
      <Filter>Header Files</Filter>
    </ClInclude>
    <ClInclude Include="Foo.h">
      <Filter>SupportClasses</Filter>
    </ClInclude>
    <ClInclude Include="ToStringTemplates.h">
      <Filter>SupportClasses</Filter>
    </ClInclude>
    <ClInclude Include="AttributedFoo.h">
      <Filter>SupportClasses</Filter>
    </ClInclude>
    <ClInclude Include="AttributedFooChild.h">
      <Filter>SupportClasses</Filter>
    </ClInclude>
    <ClInclude Include="XmlParseHelperStudent.h">
      <Filter>SupportClasses</Filter>
    </ClInclude>
    <ClInclude Include="SharedDataFoo.h">
      <Filter>SupportClasses</Filter>
    </ClInclude>
    <ClInclude Include="XmlParseHelperTracer.h">
      <Filter>SupportClasses</Filter>
    </ClInclude>
    <ClInclude Include="FooProduct.h">
      <Filter>SupportClasses</Filter>
    </ClInclude>
    <ClInclude Include="BarProduct.h">
      <Filter>SupportClasses</Filter>
    </ClInclude>
    <ClInclude Include="BarChildProduct.h">
      <Filter>SupportClasses</Filter>
    </ClInclude>
    <ClInclude Include="MonsterEntity.h">
      <Filter>SupportClasses</Filter>
    </ClInclude>
    <ClInclude Include="AttackAction.h">
      <Filter>SupportClasses\ActionTestClasses</Filter>
    </ClInclude>
    <ClInclude Include="HealAction.h">
      <Filter>SupportClasses\ActionTestClasses</Filter>
    </ClInclude>
    <ClInclude Include="SubscriberFoo.h">
      <Filter>SupportClasses</Filter>
    </ClInclude>
    <ClInclude Include="SubscriberBar.h">
      <Filter>SupportClasses</Filter>
    </ClInclude>
    <ClInclude Include="Bar.h">
      <Filter>SupportClasses</Filter>
    </ClInclude>
    <ClInclude Include="AsyncEventSubscriber.h">
      <Filter>SupportClasses\AsyncEventTestClasses</Filter>
    </ClInclude>
  </ItemGroup>
  <ItemGroup>
    <Xml Include="TestXmlFiles\XmlParseHelperTable\TestXmlParseHelperEmpty.xml">
      <Filter>Xml Supporting Files\XmlParseHelperTable</Filter>
    </Xml>
    <Xml Include="TestXmlFiles\XmlParseHelperTable\TestXmlParseHelperEmptyTable.xml">
      <Filter>Xml Supporting Files\XmlParseHelperTable</Filter>
    </Xml>
    <Xml Include="TestXmlFiles\XmlParseHelperTable\TestXmlParseHelperErrorTableOne.xml">
      <Filter>Xml Supporting Files\XmlParseHelperTable</Filter>
    </Xml>
    <Xml Include="TestXmlFiles\XmlParseHelperTable\TestXmlParseHelperErrorTableTwo.xml">
      <Filter>Xml Supporting Files\XmlParseHelperTable</Filter>
    </Xml>
    <Xml Include="TestXmlFiles\XmlParseHelperTable\TestXmlParseHelperInnerScope.xml">
      <Filter>Xml Supporting Files\XmlParseHelperTable</Filter>
    </Xml>
    <Xml Include="TestXmlFiles\XmlParseHelperTable\TestXmlParseHelperInnerScopeSiblings.xml">
      <Filter>Xml Supporting Files\XmlParseHelperTable</Filter>
    </Xml>
    <Xml Include="TestXmlFiles\XmlParseHelperTable\TestXmlParseHelperInvalidPrimitiveOne.xml">
      <Filter>Xml Supporting Files\XmlParseHelperTable</Filter>
    </Xml>
    <Xml Include="TestXmlFiles\XmlParseHelperTable\TestXmlParseHelperInvalidPrimitiveThree.xml">
      <Filter>Xml Supporting Files\XmlParseHelperTable</Filter>
    </Xml>
    <Xml Include="TestXmlFiles\XmlParseHelperTable\TestXmlParseHelperInvalidPrimitiveTwo.xml">
      <Filter>Xml Supporting Files\XmlParseHelperTable</Filter>
    </Xml>
    <Xml Include="TestXmlFiles\XmlParseHelperTable\TestXmlParseHelperPrimitiveTypes.xml">
      <Filter>Xml Supporting Files\XmlParseHelperTable</Filter>
    </Xml>
    <Xml Include="TestXmlFiles\XmlParseHelperTable\TestXmlParseHelperPrimitiveTypesArray.xml">
      <Filter>Xml Supporting Files\XmlParseHelperTable</Filter>
    </Xml>
    <Xml Include="TestXmlFiles\XmlParseHelperTable\TestXmlParseHelperPrimitiveTypesFormat2.xml">
      <Filter>Xml Supporting Files\XmlParseHelperTable</Filter>
    </Xml>
    <Xml Include="TestXmlFiles\WorldSectorEntity\TestEmptyWSE.xml">
      <Filter>Xml Supporting Files\WorldSectorEntity</Filter>
    </Xml>
    <Xml Include="TestXmlFiles\WorldSectorEntity\TestEmptyWSEWithPrimitives.xml">
      <Filter>Xml Supporting Files\WorldSectorEntity</Filter>
    </Xml>
    <Xml Include="TestXmlFiles\WorldSectorEntity\TestEmptyWSEWithPrimitivesArray.xml">
      <Filter>Xml Supporting Files\WorldSectorEntity</Filter>
    </Xml>
    <Xml Include="TestXmlFiles\WorldSectorEntity\TestEmptyWSEWithPrimitivesArraysMixed.xml">
      <Filter>Xml Supporting Files\WorldSectorEntity</Filter>
    </Xml>
    <Xml Include="TestXmlFiles\WorldSectorEntity\TestInvalidEntity.xml">
      <Filter>Xml Supporting Files\WorldSectorEntity</Filter>
    </Xml>
    <Xml Include="TestXmlFiles\WorldSectorEntity\TestInvalidPrimitive.xml">
      <Filter>Xml Supporting Files\WorldSectorEntity</Filter>
    </Xml>
    <Xml Include="TestXmlFiles\WorldSectorEntity\TestInvalidSector.xml">
      <Filter>Xml Supporting Files\WorldSectorEntity</Filter>
    </Xml>
    <Xml Include="TestXmlFiles\WorldSectorEntity\TestInvalidTwoWorlds.xml">
      <Filter>Xml Supporting Files\WorldSectorEntity</Filter>
    </Xml>
    <Xml Include="TestXmlFiles\WorldSectorEntity\TestInvalidWSE.xml">
      <Filter>Xml Supporting Files\WorldSectorEntity</Filter>
    </Xml>
    <Xml Include="TestXmlFiles\WorldSectorEntity\TestInvalidEntityWithoutName.xml">
      <Filter>Xml Supporting Files\WorldSectorEntity</Filter>
    </Xml>
    <Xml Include="TestXmlFiles\WorldSectorEntity\TestInvalidSectorWithoutName.xml">
      <Filter>Xml Supporting Files\WorldSectorEntity</Filter>
    </Xml>
    <Xml Include="TestXmlFiles\WorldSectorEntity\TestInvalidWSEWithData.xml">
      <Filter>Xml Supporting Files\WorldSectorEntity</Filter>
    </Xml>
    <Xml Include="TestXmlFiles\WorldSectorEntity\TestWSEInvalidPrimitive.xml">
      <Filter>Xml Supporting Files\WorldSectorEntity</Filter>
    </Xml>
    <Xml Include="TestXmlFiles\WorldSectorEntity\TestInvalidWorldWithoutName.xml">
      <Filter>Xml Supporting Files\WorldSectorEntity</Filter>
    </Xml>
    <Xml Include="TestXmlFiles\WorldSectorEntity\TestWSEInvalidGlmPrimitive.xml">
      <Filter>Xml Supporting Files\WorldSectorEntity</Filter>
    </Xml>
    <Xml Include="TestXmlFiles\Action\TestEmptyAction.xml">
      <Filter>Xml Supporting Files\Action</Filter>
    </Xml>
    <Xml Include="TestXmlFiles\XmlParseMaster\TestStudent.xml">
      <Filter>Xml Supporting Files\XmlParseMaster</Filter>
    </Xml>
    <Xml Include="TestXmlFiles\Action\TestActionArrays.xml">
      <Filter>Xml Supporting Files\Action</Filter>
    </Xml>
    <Xml Include="TestXmlFiles\Action\TestActionList.xml">
      <Filter>Xml Supporting Files\Action</Filter>
    </Xml>
    <Xml Include="TestXmlFiles\Action\TestActionListArrays.xml">
      <Filter>Xml Supporting Files\Action</Filter>
    </Xml>
    <Xml Include="TestXmlFiles\IfAction\TestActionIfThenExecute.xml">
      <Filter>Xml Supporting Files\IfAction</Filter>
    </Xml>
    <Xml Include="TestXmlFiles\IfAction\TestActionIfAuxiliaryInside.xml">
      <Filter>Xml Supporting Files\IfAction</Filter>
    </Xml>
    <Xml Include="TestXmlFiles\IfAction\TestActionIfElseExecute.xml">
      <Filter>Xml Supporting Files\IfAction</Filter>
    </Xml>
    <Xml Include="TestXmlFiles\IfAction\TestActionIfWithNoElse.xml">
      <Filter>Xml Supporting Files\IfAction</Filter>
    </Xml>
    <Xml Include="TestXmlFiles\Action\TestActionCreateAction.xml">
      <Filter>Xml Supporting Files\Action</Filter>
    </Xml>
    <Xml Include="TestXmlFiles\Action\TestActionDeleteAction.xml">
      <Filter>Xml Supporting Files\Action</Filter>
    </Xml>
    <Xml Include="TestXmlFiles\IfAction\TestActionInvalidIfOne.xml">
      <Filter>Xml Supporting Files\IfAction</Filter>
    </Xml>
    <Xml Include="TestXmlFiles\IfAction\TestActionInvalidIfThree.xml">
      <Filter>Xml Supporting Files\IfAction</Filter>
    </Xml>
    <Xml Include="TestXmlFiles\IfAction\TestActionInvalidIfTwo.xml">
      <Filter>Xml Supporting Files\IfAction</Filter>
    </Xml>
    <Xml Include="TestXmlFiles\Action\InvalidXml\TestInvalidActionTwo.xml">
      <Filter>Xml Supporting Files\Action</Filter>
    </Xml>
    <Xml Include="TestXmlFiles\IfAction\TestInvalidElseAction.xml">
      <Filter>Xml Supporting Files\IfAction</Filter>
    </Xml>
    <Xml Include="TestXmlFiles\IfAction\TestInvalidThenAction.xml">
      <Filter>Xml Supporting Files\IfAction</Filter>
    </Xml>
    <Xml Include="TestXmlFiles\Action\TestActionCreateActionInActionList.xml">
      <Filter>Xml Supporting Files\Action</Filter>
    </Xml>
    <Xml Include="TestXmlFiles\Action\TestActionDeleteActionInActionList.xml">
      <Filter>Xml Supporting Files\Action</Filter>
    </Xml>
    <Xml Include="TestXmlFiles\IfAction\TestActionIfElseExecuteInsideActionList.xml">
      <Filter>Xml Supporting Files\IfAction</Filter>
    </Xml>
    <Xml Include="TestXmlFiles\Action\InvalidXml\TestInvalidAction.xml">
      <Filter>Xml Supporting Files\Action</Filter>
    </Xml>
    <Xml Include="TestXmlFiles\Action\InvalidXml\TestInvalidActionCreateActionOne.xml">
      <Filter>Xml Supporting Files\Action</Filter>
    </Xml>
    <Xml Include="TestXmlFiles\Action\InvalidXml\TestInvalidActionCreateActionTwo.xml">
      <Filter>Xml Supporting Files\Action</Filter>
    </Xml>
    <Xml Include="TestXmlFiles\Action\InvalidXml\TestInvalidActionDeleteActionOne.xml">
      <Filter>Xml Supporting Files\Action</Filter>
    </Xml>
    <Xml Include="TestXmlFiles\Action\InvalidXml\TestInvalidActionDeleteActionTwo.xml">
      <Filter>Xml Supporting Files\Action</Filter>
    </Xml>
    <Xml Include="TestXmlFiles\Action\InvalidXml\TestInvalidActionList.xml">
      <Filter>Xml Supporting Files\Action</Filter>
    </Xml>
    <Xml Include="TestXmlFiles\Action\InvalidXml\TestInvalidActionListNoAttributes.xml">
      <Filter>Xml Supporting Files\Action</Filter>
    </Xml>
    <Xml Include="TestXmlFiles\Action\InvalidXml\TestInvalidActionNoAttributes.xml">
      <Filter>Xml Supporting Files\Action</Filter>
    </Xml>
    <Xml Include="TestXmlFiles\Action\InvalidXml\TestInvalidCreateActionNoAttributes.xml">
      <Filter>Xml Supporting Files\Action</Filter>
    </Xml>
    <Xml Include="TestXmlFiles\Action\InvalidXml\TestInvalidDeleteActionNoAttributes.xml">
      <Filter>Xml Supporting Files\Action</Filter>
    </Xml>
    <Xml Include="TestXmlFiles\IfAction\TestInvalidElseOutsideIf.xml">
      <Filter>Xml Supporting Files\IfAction</Filter>
    </Xml>
    <Xml Include="TestXmlFiles\IfAction\TestInvalidIfWithNoAttributesOne.xml">
      <Filter>Xml Supporting Files\IfAction</Filter>
    </Xml>
    <Xml Include="TestXmlFiles\IfAction\TestInvalidIfWithNoAttributesTwo.xml">
      <Filter>Xml Supporting Files\IfAction</Filter>
    </Xml>
    <Xml Include="TestXmlFiles\IfAction\TestInvalidThenOutSideIf.xml">
      <Filter>Xml Supporting Files\IfAction</Filter>
    </Xml>
    <Xml Include="TestXmlFiles\IfAction\TestInvalidIfPath.xml">
      <Filter>Xml Supporting Files\IfAction</Filter>
    </Xml>
    <Xml Include="TestXmlFiles\IfAction\TestInvalidIfThenExecuteWithData.xml">
      <Filter>Xml Supporting Files\IfAction</Filter>
    </Xml>
    <Xml Include="TestXmlFiles\Reaction\ReactionBasicWithNoDelay.xml">
      <Filter>Xml Supporting Files\Reaction</Filter>
    </Xml>
    <Xml Include="TestXmlFiles\Reaction\ReactionBasicWithDelay.xml">
      <Filter>Xml Supporting Files\Reaction</Filter>
    </Xml>
    <Xml Include="TestXmlFiles\Reaction\ActionEventInvalidWithNoDelay.xml">
      <Filter>Xml Supporting Files\Reaction</Filter>
    </Xml>
    <Xml Include="TestXmlFiles\Reaction\ReactionInvalidInsideSector.xml">
      <Filter>Xml Supporting Files\Reaction</Filter>
    </Xml>
    <Xml Include="TestXmlFiles\Reaction\ReactionInvalidWithoutAttribute.xml">
      <Filter>Xml Supporting Files\Reaction</Filter>
    </Xml>
    <Xml Include="TestXmlFiles\Reaction\ReactionNotMatchingSubType.xml">
      <Filter>Xml Supporting Files\Reaction</Filter>
    </Xml>
    <Xml Include="TestXmlFiles\Reaction\ActionEventInvalidSubType.xml">
      <Filter>Xml Supporting Files\Reaction</Filter>
    </Xml>
    <Xml Include="TestXmlFiles\Reaction\ReactionInvalidSubType.xml">
      <Filter>Xml Supporting Files\Reaction</Filter>
    </Xml>
  </ItemGroup>
</Project>