<?xml version="1.0" encoding="utf-8"?>
<Project ToolsVersion="4.0" xmlns="http://schemas.microsoft.com/developer/msbuild/2003">
  <ItemGroup>
    <Filter Include="Source Files">
      <UniqueIdentifier>{4FC737F1-C7A5-4376-A066-2A32D752A2FF}</UniqueIdentifier>
      <Extensions>cpp;c;cc;cxx;def;odl;idl;hpj;bat;asm;asmx</Extensions>
    </Filter>
    <Filter Include="Header Files">
      <UniqueIdentifier>{93995380-89BD-4b04-88EB-625FBE52EBFB}</UniqueIdentifier>
      <Extensions>h;hh;hpp;hxx;hm;inl;inc;xsd</Extensions>
    </Filter>
    <Filter Include="SupportClasses">
      <UniqueIdentifier>{044d7d94-d08d-48d7-a17a-4a2b210216da}</UniqueIdentifier>
    </Filter>
    <Filter Include="Other Supporting Files">
      <UniqueIdentifier>{d6603494-2e04-499f-a9cc-9ff9190c333b}</UniqueIdentifier>
    </Filter>
  </ItemGroup>
  <ItemGroup>
    <ClCompile Include="SListTest.cpp">
      <Filter>Source Files</Filter>
    </ClCompile>
    <ClCompile Include="Foo.cpp">
      <Filter>SupportClasses</Filter>
    </ClCompile>
    <ClCompile Include="Pch.cpp">
      <Filter>Source Files</Filter>
    </ClCompile>
    <ClCompile Include="VectorTest.cpp">
      <Filter>Source Files</Filter>
    </ClCompile>
    <ClCompile Include="HashmapTest.cpp">
      <Filter>Source Files</Filter>
    </ClCompile>
    <ClCompile Include="DatumTest.cpp">
      <Filter>Source Files</Filter>
    </ClCompile>
    <ClCompile Include="ScopeTest.cpp">
      <Filter>Source Files</Filter>
    </ClCompile>
    <ClCompile Include="AttributedFoo.cpp">
      <Filter>SupportClasses</Filter>
    </ClCompile>
    <ClCompile Include="AttributedTest.cpp">
      <Filter>Source Files</Filter>
    </ClCompile>
    <ClCompile Include="AttributedFooChild.cpp">
      <Filter>SupportClasses</Filter>
    </ClCompile>
    <ClCompile Include="XmlParseMasterTest.cpp">
      <Filter>Source Files</Filter>
    </ClCompile>
    <ClCompile Include="XmlParseHelperStudent.cpp">
      <Filter>SupportClasses</Filter>
    </ClCompile>
    <ClCompile Include="SharedDataFoo.cpp">
      <Filter>SupportClasses</Filter>
    </ClCompile>
  </ItemGroup>
  <ItemGroup>
    <ClInclude Include="Pch.h">
      <Filter>Header Files</Filter>
    </ClInclude>
    <ClInclude Include="Foo.h">
      <Filter>SupportClasses</Filter>
    </ClInclude>
    <ClInclude Include="ToStringTemplates.h">
      <Filter>SupportClasses</Filter>
    </ClInclude>
    <ClInclude Include="AttributedFoo.h">
      <Filter>SupportClasses</Filter>
    </ClInclude>
    <ClInclude Include="AttributedFooChild.h">
      <Filter>SupportClasses</Filter>
    </ClInclude>
    <ClInclude Include="XmlParseHelperStudent.h">
      <Filter>SupportClasses</Filter>
    </ClInclude>
    <ClInclude Include="SharedDataFoo.h">
      <Filter>SupportClasses</Filter>
    </ClInclude>
  </ItemGroup>
  <ItemGroup>
    <Xml Include="TestStudent.xml">
      <Filter>Other Supporting Files</Filter>
    </Xml>
  </ItemGroup>
</Project>